
Microsoft Visual Studio Solution File, Format Version 12.00
# Visual Studio Version 17
VisualStudioVersion = 17.9.34616.47
MinimumVisualStudioVersion = 10.0.40219.1
Project("{FAE04EC0-301F-11D3-BF4B-00C04F79EFBC}") = "Social.Sport.API", "Social.Sport.API.csproj", "{E718753B-6C60-4812-8007-524475D3BDFA}"
	ProjectSection(ProjectDependencies) = postProject
		{EB17A423-F5AA-4D14-ABCB-7F9B96CFB785} = {EB17A423-F5AA-4D14-ABCB-7F9B96CFB785}
		{F32947A1-B171-446E-B36D-DF9503DDE896} = {F32947A1-B171-446E-B36D-DF9503DDE896}
	EndProjectSection
EndProject
Project("{FAE04EC0-301F-11D3-BF4B-00C04F79EFBC}") = "Social.Sport.Core", "..\Social.Sport.Core\Social.Sport.Core.csproj", "{EB17A423-F5AA-4D14-ABCB-7F9B96CFB785}"
EndProject
Project("{FAE04EC0-301F-11D3-BF4B-00C04F79EFBC}") = "Social.Sport.Infrastructure", "..\Social.Sport.Infrastructure\Social.Sport.Infrastructure.csproj", "{F32947A1-B171-446E-B36D-DF9503DDE896}"
EndProject
Global
	GlobalSection(SolutionConfigurationPlatforms) = preSolution
		Debug|Any CPU = Debug|Any CPU
		Release|Any CPU = Release|Any CPU
	EndGlobalSection
	GlobalSection(ProjectConfigurationPlatforms) = postSolution
		{E718753B-6C60-4812-8007-524475D3BDFA}.Debug|Any CPU.ActiveCfg = Debug|Any CPU
		{E718753B-6C60-4812-8007-524475D3BDFA}.Debug|Any CPU.Build.0 = Debug|Any CPU
		{E718753B-6C60-4812-8007-524475D3BDFA}.Release|Any CPU.ActiveCfg = Release|Any CPU
		{E718753B-6C60-4812-8007-524475D3BDFA}.Release|Any CPU.Build.0 = Release|Any CPU
		{EB17A423-F5AA-4D14-ABCB-7F9B96CFB785}.Debug|Any CPU.ActiveCfg = Debug|Any CPU
		{EB17A423-F5AA-4D14-ABCB-7F9B96CFB785}.Debug|Any CPU.Build.0 = Debug|Any CPU
		{EB17A423-F5AA-4D14-ABCB-7F9B96CFB785}.Release|Any CPU.ActiveCfg = Release|Any CPU
		{EB17A423-F5AA-4D14-ABCB-7F9B96CFB785}.Release|Any CPU.Build.0 = Release|Any CPU
		{F32947A1-B171-446E-B36D-DF9503DDE896}.Debug|Any CPU.ActiveCfg = Debug|Any CPU
		{F32947A1-B171-446E-B36D-DF9503DDE896}.Debug|Any CPU.Build.0 = Debug|Any CPU
		{F32947A1-B171-446E-B36D-DF9503DDE896}.Release|Any CPU.ActiveCfg = Release|Any CPU
		{F32947A1-B171-446E-B36D-DF9503DDE896}.Release|Any CPU.Build.0 = Release|Any CPU
	EndGlobalSection
	GlobalSection(SolutionProperties) = preSolution
		HideSolutionNode = FALSE
	EndGlobalSection
	GlobalSection(ExtensibilityGlobals) = postSolution
		SolutionGuid = {6E02F7F4-19DC-465C-83C8-3B3A9C253316}
	EndGlobalSection
EndGlobal
